
Microsoft Visual Studio Solution File, Format Version 12.00
# Visual Studio 15
VisualStudioVersion = 15.0.27004.2005
MinimumVisualStudioVersion = 10.0.40219.1
Project("{FAE04EC0-301F-11D3-BF4B-00C04F79EFBC}") = "SOLID", "SOLID.csproj", "{BC1D2F10-3FB0-47F2-923B-6F075C96D646}"
EndProject
Global
	GlobalSection(SolutionConfigurationPlatforms) = preSolution
		Debug|Any CPU = Debug|Any CPU
		Release|Any CPU = Release|Any CPU
	EndGlobalSection
	GlobalSection(ProjectConfigurationPlatforms) = postSolution
		{BC1D2F10-3FB0-47F2-923B-6F075C96D646}.Debug|Any CPU.ActiveCfg = Debug|Any CPU
		{BC1D2F10-3FB0-47F2-923B-6F075C96D646}.Debug|Any CPU.Build.0 = Debug|Any CPU
		{BC1D2F10-3FB0-47F2-923B-6F075C96D646}.Release|Any CPU.ActiveCfg = Release|Any CPU
		{BC1D2F10-3FB0-47F2-923B-6F075C96D646}.Release|Any CPU.Build.0 = Release|Any CPU
	EndGlobalSection
	GlobalSection(SolutionProperties) = preSolution
		HideSolutionNode = FALSE
	EndGlobalSection
	GlobalSection(ExtensibilityGlobals) = postSolution
		SolutionGuid = {994E6BAD-0A1E-41DF-97E9-8BB1E1BEDD40}
	EndGlobalSection
EndGlobal
